
Microsoft Visual Studio Solution File, Format Version 12.00
# Visual Studio Version 16
VisualStudioVersion = 16.0.30907.101
MinimumVisualStudioVersion = 10.0.40219.1
Project("{9A19103F-16F7-4668-BE54-9A1E7A4F7556}") = "Todo.Core", "Todo.Core\Todo.Core.csproj", "{5FBA3176-4467-4BCD-A2FF-B8DC710D99CD}"
EndProject
Project("{9A19103F-16F7-4668-BE54-9A1E7A4F7556}") = "Todo.WebAPI", "Todo.WebAPI\Todo.WebAPI.csproj", "{5E146141-FA05-44CC-8F52-73BBFCC7C7A2}"
EndProject
Project("{FAE04EC0-301F-11D3-BF4B-00C04F79EFBC}") = "Todo.WebClient", "Todo.WebClient\Todo.WebClient.csproj", "{4E6E1EE2-946A-4034-917E-6164272AA884}"
EndProject
Global
	GlobalSection(SolutionConfigurationPlatforms) = preSolution
		Debug|Any CPU = Debug|Any CPU
		Release|Any CPU = Release|Any CPU
	EndGlobalSection
	GlobalSection(ProjectConfigurationPlatforms) = postSolution
		{5FBA3176-4467-4BCD-A2FF-B8DC710D99CD}.Debug|Any CPU.ActiveCfg = Debug|Any CPU
		{5FBA3176-4467-4BCD-A2FF-B8DC710D99CD}.Debug|Any CPU.Build.0 = Debug|Any CPU
		{5FBA3176-4467-4BCD-A2FF-B8DC710D99CD}.Release|Any CPU.ActiveCfg = Release|Any CPU
		{5FBA3176-4467-4BCD-A2FF-B8DC710D99CD}.Release|Any CPU.Build.0 = Release|Any CPU
		{5E146141-FA05-44CC-8F52-73BBFCC7C7A2}.Debug|Any CPU.ActiveCfg = Debug|Any CPU
		{5E146141-FA05-44CC-8F52-73BBFCC7C7A2}.Debug|Any CPU.Build.0 = Debug|Any CPU
		{5E146141-FA05-44CC-8F52-73BBFCC7C7A2}.Release|Any CPU.ActiveCfg = Release|Any CPU
		{5E146141-FA05-44CC-8F52-73BBFCC7C7A2}.Release|Any CPU.Build.0 = Release|Any CPU
		{4E6E1EE2-946A-4034-917E-6164272AA884}.Debug|Any CPU.ActiveCfg = Debug|Any CPU
		{4E6E1EE2-946A-4034-917E-6164272AA884}.Debug|Any CPU.Build.0 = Debug|Any CPU
		{4E6E1EE2-946A-4034-917E-6164272AA884}.Release|Any CPU.ActiveCfg = Release|Any CPU
		{4E6E1EE2-946A-4034-917E-6164272AA884}.Release|Any CPU.Build.0 = Release|Any CPU
	EndGlobalSection
	GlobalSection(SolutionProperties) = preSolution
		HideSolutionNode = FALSE
	EndGlobalSection
	GlobalSection(ExtensibilityGlobals) = postSolution
		SolutionGuid = {F91B80D7-BD0D-4A00-9FBC-87B2598DA3B5}
	EndGlobalSection
EndGlobal
